
Microsoft Visual Studio Solution File, Format Version 12.00
# Visual Studio 15
VisualStudioVersion = 15.0.27428.1
MinimumVisualStudioVersion = 10.0.40219.1
Project("{FAE04EC0-301F-11D3-BF4B-00C04F79EFBC}") = "BuisnessLayer", "BuisnessLayer\BuisnessLayer.csproj", "{FBB938EA-B5CB-46AA-A7DD-944C5C87CF58}"
EndProject
Global
	GlobalSection(SolutionConfigurationPlatforms) = preSolution
		Debug|Any CPU = Debug|Any CPU
		Release|Any CPU = Release|Any CPU
	EndGlobalSection
	GlobalSection(ProjectConfigurationPlatforms) = postSolution
		{FBB938EA-B5CB-46AA-A7DD-944C5C87CF58}.Debug|Any CPU.ActiveCfg = Debug|Any CPU
		{FBB938EA-B5CB-46AA-A7DD-944C5C87CF58}.Debug|Any CPU.Build.0 = Debug|Any CPU
		{FBB938EA-B5CB-46AA-A7DD-944C5C87CF58}.Release|Any CPU.ActiveCfg = Release|Any CPU
		{FBB938EA-B5CB-46AA-A7DD-944C5C87CF58}.Release|Any CPU.Build.0 = Release|Any CPU
	EndGlobalSection
	GlobalSection(SolutionProperties) = preSolution
		HideSolutionNode = FALSE
	EndGlobalSection
	GlobalSection(ExtensibilityGlobals) = postSolution
		SolutionGuid = {BC8282AC-9F29-4598-BE33-65DED60EF780}
	EndGlobalSection
EndGlobal
